
Microsoft Visual Studio Solution File, Format Version 12.00
# Visual Studio 2013
VisualStudioVersion = 12.0.30501.0
MinimumVisualStudioVersion = 10.0.40219.1
Project("{8BC9CEB8-8B4A-11D0-8D11-00A0C91BC942}") = "Exercise_8_8", "Exercise_8_8\Exercise_8_8.vcxproj", "{93E5348F-C4BA-4A08-8512-0310D16E6B47}"
EndProject
Global
	GlobalSection(SolutionConfigurationPlatforms) = preSolution
		Debug|Win32 = Debug|Win32
		Release|Win32 = Release|Win32
	EndGlobalSection
	GlobalSection(ProjectConfigurationPlatforms) = postSolution
		{93E5348F-C4BA-4A08-8512-0310D16E6B47}.Debug|Win32.ActiveCfg = Debug|Win32
		{93E5348F-C4BA-4A08-8512-0310D16E6B47}.Debug|Win32.Build.0 = Debug|Win32
		{93E5348F-C4BA-4A08-8512-0310D16E6B47}.Release|Win32.ActiveCfg = Release|Win32
		{93E5348F-C4BA-4A08-8512-0310D16E6B47}.Release|Win32.Build.0 = Release|Win32
	EndGlobalSection
	GlobalSection(SolutionProperties) = preSolution
		HideSolutionNode = FALSE
	EndGlobalSection
EndGlobal
