
Microsoft Visual Studio Solution File, Format Version 12.00
# Visual Studio 2013
VisualStudioVersion = 12.0.30501.0
MinimumVisualStudioVersion = 10.0.40219.1
Project("{8BC9CEB8-8B4A-11D0-8D11-00A0C91BC942}") = "Exercise_7_16", "Exercise_7_16\Exercise_7_16.vcxproj", "{794DA64E-284B-42FE-A0CE-1A973F4329E9}"
EndProject
Global
	GlobalSection(SolutionConfigurationPlatforms) = preSolution
		Debug|Win32 = Debug|Win32
		Release|Win32 = Release|Win32
	EndGlobalSection
	GlobalSection(ProjectConfigurationPlatforms) = postSolution
		{794DA64E-284B-42FE-A0CE-1A973F4329E9}.Debug|Win32.ActiveCfg = Debug|Win32
		{794DA64E-284B-42FE-A0CE-1A973F4329E9}.Debug|Win32.Build.0 = Debug|Win32
		{794DA64E-284B-42FE-A0CE-1A973F4329E9}.Release|Win32.ActiveCfg = Release|Win32
		{794DA64E-284B-42FE-A0CE-1A973F4329E9}.Release|Win32.Build.0 = Release|Win32
	EndGlobalSection
	GlobalSection(SolutionProperties) = preSolution
		HideSolutionNode = FALSE
	EndGlobalSection
EndGlobal
